
Microsoft Visual Studio Solution File, Format Version 12.00
# Visual Studio Version 17
VisualStudioVersion = 17.14.36202.13
MinimumVisualStudioVersion = 10.0.40219.1
Project("{FAE04EC0-301F-11D3-BF4B-00C04F79EFBC}") = "Exercicio01", "Lista_Exercicio\Exercicio01\Exercicio01.csproj", "{459AFF1B-8632-487C-B103-845AD75CF508}"
EndProject
Project("{FAE04EC0-301F-11D3-BF4B-00C04F79EFBC}") = "Exercicio04", "Lista_Exercicio\Exercicio04\Exercicio04.csproj", "{AE08586E-38C7-7DB4-01DE-FD42AE05FADC}"
EndProject
Project("{FAE04EC0-301F-11D3-BF4B-00C04F79EFBC}") = "Exercicio05", "Lista_Exercicio\Exercicio05\Exercicio05.csproj", "{FBF51BFF-CFD7-6A4A-1C20-9A5626FD5D84}"
EndProject
Project("{FAE04EC0-301F-11D3-BF4B-00C04F79EFBC}") = "Exercicio06", "Lista_Exercicio\Exercicio06\Exercicio06.csproj", "{A5261EAF-A1E2-4A80-25BF-A2FA556B27FA}"
EndProject
Project("{FAE04EC0-301F-11D3-BF4B-00C04F79EFBC}") = "Exercicio07", "Lista_Exercicio\Exercicio07\Exercicio07.csproj", "{1A81697E-2759-B359-D0E8-728C01D61A3F}"
EndProject
Project("{FAE04EC0-301F-11D3-BF4B-00C04F79EFBC}") = "Exercicio08", "Lista_Exercicio\Exercicio08\Exercicio08.csproj", "{276743E8-EB7A-AE1F-8830-BBF6DB4B284A}"
EndProject
Project("{FAE04EC0-301F-11D3-BF4B-00C04F79EFBC}") = "Exercicio09", "Lista_Exercicio\Exercicio09\Exercicio09.csproj", "{9FE7D116-A1A5-B6FD-695B-C5AC7B60E80A}"
EndProject
Project("{FAE04EC0-301F-11D3-BF4B-00C04F79EFBC}") = "Exercicio10", "Lista_Exercicio\Exercicio10\Exercicio10.csproj", "{A9AE22E3-3A9D-11EA-E49D-AE6CC3ECA3F1}"
EndProject
Project("{FAE04EC0-301F-11D3-BF4B-00C04F79EFBC}") = "Exercicio11", "Lista_Exercicio\Exercicio11\Exercicio11.csproj", "{F6B2CF92-FDFD-69B7-530B-F0B58DF0779A}"
EndProject
Project("{FAE04EC0-301F-11D3-BF4B-00C04F79EFBC}") = "Exercicio12", "Lista_Exercicio\Exercicio12\Exercicio12.csproj", "{690AAA05-B347-DC6B-D5B1-551C6C68AB66}"
EndProject
Project("{FAE04EC0-301F-11D3-BF4B-00C04F79EFBC}") = "Exercicio13", "Lista_Exercicio\Exercicio13\Exercicio13.csproj", "{9DA38DD1-6AE9-50FC-4623-1C62C563B3DE}"
EndProject
Project("{FAE04EC0-301F-11D3-BF4B-00C04F79EFBC}") = "Exercicio14", "Lista_Exercicio\Exercicio14\Exercicio14.csproj", "{13FC98BD-84EF-1797-F700-93BAE9E1405E}"
EndProject
Project("{FAE04EC0-301F-11D3-BF4B-00C04F79EFBC}") = "Exercicio15", "Lista_Exercicio\Exercicio15\Exercicio15.csproj", "{30DD86AF-BFA8-1734-6DC4-53AB6F84CCEC}"
EndProject
Project("{FAE04EC0-301F-11D3-BF4B-00C04F79EFBC}") = "Exercicio16", "Lista_Exercicio\Exercicio16\Exercicio16.csproj", "{113D7CBD-C1F5-C24F-4B4D-A25C9B99D1AB}"
EndProject
Project("{FAE04EC0-301F-11D3-BF4B-00C04F79EFBC}") = "Exercicio17", "Lista_Exercicio\Exercicio17\Exercicio17.csproj", "{10A32373-3850-CB36-056E-571AF838B6B9}"
EndProject
Project("{FAE04EC0-301F-11D3-BF4B-00C04F79EFBC}") = "Exercicio18", "Lista_Exercicio\Exercicio18\Exercicio18.csproj", "{7B8A370A-61C9-E0E0-35FF-4A367F4A5A51}"
EndProject
Project("{FAE04EC0-301F-11D3-BF4B-00C04F79EFBC}") = "Exercicio19", "Lista_Exercicio\Exercicio19\Exercicio19.csproj", "{6BC58F6B-936C-CD34-4455-4688D7B49FE4}"
EndProject
Project("{FAE04EC0-301F-11D3-BF4B-00C04F79EFBC}") = "Exercicio20", "Lista_Exercicio\Exercicio20\Exercicio20.csproj", "{A7EF6DFF-CC5D-AB54-F67E-8561F7A1451E}"
EndProject
Project("{FAE04EC0-301F-11D3-BF4B-00C04F79EFBC}") = "Exercicio21", "Lista_Exercicio\Exercicio21\Exercicio21.csproj", "{8F5C7964-7E87-4258-F8B0-7881C0313B61}"
EndProject
Project("{FAE04EC0-301F-11D3-BF4B-00C04F79EFBC}") = "Exercicio22", "Lista_Exercicio\Exercicio22\Exercicio22.csproj", "{272E6F13-DA2B-4A07-49E7-DE39846808CE}"
EndProject
Project("{FAE04EC0-301F-11D3-BF4B-00C04F79EFBC}") = "Exercicio23", "Lista_Exercicio\Exercicio23\Exercicio23.csproj", "{C0F1D022-4FB4-8913-771E-26E7EAC37715}"
EndProject
Project("{FAE04EC0-301F-11D3-BF4B-00C04F79EFBC}") = "Exercicio24", "Lista_Exercicio\Exercicio24\Exercicio24.csproj", "{DB70F9B9-3BDF-03F8-404E-7F84E52731AE}"
EndProject
Project("{FAE04EC0-301F-11D3-BF4B-00C04F79EFBC}") = "Exercicio25", "Lista_Exercicio\Exercicio25\Exercicio25.csproj", "{91D0D860-4D6C-9A4F-558A-B5FC0CBFEBD2}"
EndProject
Project("{FAE04EC0-301F-11D3-BF4B-00C04F79EFBC}") = "Exercicio26", "Lista_Exercicio\Exercicio26\Exercicio26.csproj", "{D6679458-7A03-865F-17E8-0E747A045C21}"
EndProject
Project("{FAE04EC0-301F-11D3-BF4B-00C04F79EFBC}") = "Exercicio27", "Lista_Exercicio\Exercicio27\Exercicio27.csproj", "{AE8F4FF6-8A06-F3A2-DAFE-5C493FBD6905}"
EndProject
Project("{FAE04EC0-301F-11D3-BF4B-00C04F79EFBC}") = "Exercicio28", "Lista_Exercicio\Exercicio28\Exercicio28.csproj", "{C02CF2D2-AF0D-2D84-B33E-CA98FCE3BCB1}"
EndProject
Project("{FAE04EC0-301F-11D3-BF4B-00C04F79EFBC}") = "Exercicio29", "Lista_Exercicio\Exercicio29\Exercicio29.csproj", "{3CAEFF70-35D3-1E03-488C-07F752EA130A}"
EndProject
Project("{FAE04EC0-301F-11D3-BF4B-00C04F79EFBC}") = "Exercicio30", "Lista_Exercicio\Exercicio30\Exercicio30.csproj", "{34AB364F-AD0C-A0E5-39D6-A7ABEE4AFABC}"
EndProject
Project("{FAE04EC0-301F-11D3-BF4B-00C04F79EFBC}") = "Exercicio31", "Lista_Exercicio\Exercicio31\Exercicio31.csproj", "{55D70067-A786-D1FF-7E3D-E01F150FCD0F}"
EndProject
Project("{FAE04EC0-301F-11D3-BF4B-00C04F79EFBC}") = "Exercicio32", "Lista_Exercicio\Exercicio32\Exercicio32.csproj", "{A64101B8-56AA-51DD-0783-8DD608A815DD}"
EndProject
Project("{FAE04EC0-301F-11D3-BF4B-00C04F79EFBC}") = "Exercicio33", "Lista_Exercicio\Exercicio33\Exercicio33.csproj", "{BA251E21-F933-84B7-74DA-F15EB4E9D84A}"
EndProject
Project("{FAE04EC0-301F-11D3-BF4B-00C04F79EFBC}") = "Exercicio34", "Lista_Exercicio\Exercicio34\Exercicio34.csproj", "{28E50CFA-AB26-6622-9E79-92B1677D9956}"
EndProject
Project("{FAE04EC0-301F-11D3-BF4B-00C04F79EFBC}") = "Exercicio35", "Lista_Exercicio\Exercicio35\Exercicio35.csproj", "{CCB5AD61-F0D1-1649-AA6E-53FBE7BC613D}"
EndProject
Project("{FAE04EC0-301F-11D3-BF4B-00C04F79EFBC}") = "Exercicio36", "Lista_Exercicio\Exercicio36\Exercicio36.csproj", "{8BA8A6B0-37CC-300C-619C-E5AB19D46AA3}"
EndProject
Project("{FAE04EC0-301F-11D3-BF4B-00C04F79EFBC}") = "Exercicio37", "Lista_Exercicio\Exercicio37\Exercicio37.csproj", "{1D393720-0240-3DC5-A0CE-032EFD5381A0}"
EndProject
Project("{FAE04EC0-301F-11D3-BF4B-00C04F79EFBC}") = "Exercicio38", "Lista_Exercicio\Exercicio38\Exercicio38.csproj", "{3F0D958F-A9DE-7D11-CAEC-AD17847C98D8}"
EndProject
Project("{FAE04EC0-301F-11D3-BF4B-00C04F79EFBC}") = "Exercicio39", "Lista_Exercicio\Exercicio39\Exercicio39.csproj", "{0F726617-B332-3FA2-0861-9B1BB44B200F}"
EndProject
Project("{FAE04EC0-301F-11D3-BF4B-00C04F79EFBC}") = "Exercicio40", "Lista_Exercicio\Exercicio40\Exercicio40.csproj", "{3EFB8772-1051-4E1C-65B4-5EC6699433AC}"
EndProject
Project("{FAE04EC0-301F-11D3-BF4B-00C04F79EFBC}") = "Exercicio02", "Lista_Exercicio\Exercicio02\Exercicio02.csproj", "{CF173525-9D21-F36D-036C-55EC5777C565}"
EndProject
Project("{FAE04EC0-301F-11D3-BF4B-00C04F79EFBC}") = "Exercicio03", "Lista_Exercicio\Exercicio03\Exercicio03.csproj", "{539A8C08-C91E-4AE1-94F7-80761219F272}"
EndProject
Global
	GlobalSection(SolutionConfigurationPlatforms) = preSolution
		Debug|Any CPU = Debug|Any CPU
		Release|Any CPU = Release|Any CPU
	EndGlobalSection
	GlobalSection(ProjectConfigurationPlatforms) = postSolution
		{459AFF1B-8632-487C-B103-845AD75CF508}.Debug|Any CPU.ActiveCfg = Debug|Any CPU
		{459AFF1B-8632-487C-B103-845AD75CF508}.Debug|Any CPU.Build.0 = Debug|Any CPU
		{459AFF1B-8632-487C-B103-845AD75CF508}.Release|Any CPU.ActiveCfg = Release|Any CPU
		{459AFF1B-8632-487C-B103-845AD75CF508}.Release|Any CPU.Build.0 = Release|Any CPU
		{AE08586E-38C7-7DB4-01DE-FD42AE05FADC}.Debug|Any CPU.ActiveCfg = Debug|Any CPU
		{AE08586E-38C7-7DB4-01DE-FD42AE05FADC}.Debug|Any CPU.Build.0 = Debug|Any CPU
		{AE08586E-38C7-7DB4-01DE-FD42AE05FADC}.Release|Any CPU.ActiveCfg = Release|Any CPU
		{AE08586E-38C7-7DB4-01DE-FD42AE05FADC}.Release|Any CPU.Build.0 = Release|Any CPU
		{FBF51BFF-CFD7-6A4A-1C20-9A5626FD5D84}.Debug|Any CPU.ActiveCfg = Debug|Any CPU
		{FBF51BFF-CFD7-6A4A-1C20-9A5626FD5D84}.Debug|Any CPU.Build.0 = Debug|Any CPU
		{FBF51BFF-CFD7-6A4A-1C20-9A5626FD5D84}.Release|Any CPU.ActiveCfg = Release|Any CPU
		{FBF51BFF-CFD7-6A4A-1C20-9A5626FD5D84}.Release|Any CPU.Build.0 = Release|Any CPU
		{A5261EAF-A1E2-4A80-25BF-A2FA556B27FA}.Debug|Any CPU.ActiveCfg = Debug|Any CPU
		{A5261EAF-A1E2-4A80-25BF-A2FA556B27FA}.Debug|Any CPU.Build.0 = Debug|Any CPU
		{A5261EAF-A1E2-4A80-25BF-A2FA556B27FA}.Release|Any CPU.ActiveCfg = Release|Any CPU
		{A5261EAF-A1E2-4A80-25BF-A2FA556B27FA}.Release|Any CPU.Build.0 = Release|Any CPU
		{1A81697E-2759-B359-D0E8-728C01D61A3F}.Debug|Any CPU.ActiveCfg = Debug|Any CPU
		{1A81697E-2759-B359-D0E8-728C01D61A3F}.Debug|Any CPU.Build.0 = Debug|Any CPU
		{1A81697E-2759-B359-D0E8-728C01D61A3F}.Release|Any CPU.ActiveCfg = Release|Any CPU
		{1A81697E-2759-B359-D0E8-728C01D61A3F}.Release|Any CPU.Build.0 = Release|Any CPU
		{276743E8-EB7A-AE1F-8830-BBF6DB4B284A}.Debug|Any CPU.ActiveCfg = Debug|Any CPU
		{276743E8-EB7A-AE1F-8830-BBF6DB4B284A}.Debug|Any CPU.Build.0 = Debug|Any CPU
		{276743E8-EB7A-AE1F-8830-BBF6DB4B284A}.Release|Any CPU.ActiveCfg = Release|Any CPU
		{276743E8-EB7A-AE1F-8830-BBF6DB4B284A}.Release|Any CPU.Build.0 = Release|Any CPU
		{9FE7D116-A1A5-B6FD-695B-C5AC7B60E80A}.Debug|Any CPU.ActiveCfg = Debug|Any CPU
		{9FE7D116-A1A5-B6FD-695B-C5AC7B60E80A}.Debug|Any CPU.Build.0 = Debug|Any CPU
		{9FE7D116-A1A5-B6FD-695B-C5AC7B60E80A}.Release|Any CPU.ActiveCfg = Release|Any CPU
		{9FE7D116-A1A5-B6FD-695B-C5AC7B60E80A}.Release|Any CPU.Build.0 = Release|Any CPU
		{A9AE22E3-3A9D-11EA-E49D-AE6CC3ECA3F1}.Debug|Any CPU.ActiveCfg = Debug|Any CPU
		{A9AE22E3-3A9D-11EA-E49D-AE6CC3ECA3F1}.Debug|Any CPU.Build.0 = Debug|Any CPU
		{A9AE22E3-3A9D-11EA-E49D-AE6CC3ECA3F1}.Release|Any CPU.ActiveCfg = Release|Any CPU
		{A9AE22E3-3A9D-11EA-E49D-AE6CC3ECA3F1}.Release|Any CPU.Build.0 = Release|Any CPU
		{F6B2CF92-FDFD-69B7-530B-F0B58DF0779A}.Debug|Any CPU.ActiveCfg = Debug|Any CPU
		{F6B2CF92-FDFD-69B7-530B-F0B58DF0779A}.Debug|Any CPU.Build.0 = Debug|Any CPU
		{F6B2CF92-FDFD-69B7-530B-F0B58DF0779A}.Release|Any CPU.ActiveCfg = Release|Any CPU
		{F6B2CF92-FDFD-69B7-530B-F0B58DF0779A}.Release|Any CPU.Build.0 = Release|Any CPU
		{690AAA05-B347-DC6B-D5B1-551C6C68AB66}.Debug|Any CPU.ActiveCfg = Debug|Any CPU
		{690AAA05-B347-DC6B-D5B1-551C6C68AB66}.Debug|Any CPU.Build.0 = Debug|Any CPU
		{690AAA05-B347-DC6B-D5B1-551C6C68AB66}.Release|Any CPU.ActiveCfg = Release|Any CPU
		{690AAA05-B347-DC6B-D5B1-551C6C68AB66}.Release|Any CPU.Build.0 = Release|Any CPU
		{9DA38DD1-6AE9-50FC-4623-1C62C563B3DE}.Debug|Any CPU.ActiveCfg = Debug|Any CPU
		{9DA38DD1-6AE9-50FC-4623-1C62C563B3DE}.Debug|Any CPU.Build.0 = Debug|Any CPU
		{9DA38DD1-6AE9-50FC-4623-1C62C563B3DE}.Release|Any CPU.ActiveCfg = Release|Any CPU
		{9DA38DD1-6AE9-50FC-4623-1C62C563B3DE}.Release|Any CPU.Build.0 = Release|Any CPU
		{13FC98BD-84EF-1797-F700-93BAE9E1405E}.Debug|Any CPU.ActiveCfg = Debug|Any CPU
		{13FC98BD-84EF-1797-F700-93BAE9E1405E}.Debug|Any CPU.Build.0 = Debug|Any CPU
		{13FC98BD-84EF-1797-F700-93BAE9E1405E}.Release|Any CPU.ActiveCfg = Release|Any CPU
		{13FC98BD-84EF-1797-F700-93BAE9E1405E}.Release|Any CPU.Build.0 = Release|Any CPU
		{30DD86AF-BFA8-1734-6DC4-53AB6F84CCEC}.Debug|Any CPU.ActiveCfg = Debug|Any CPU
		{30DD86AF-BFA8-1734-6DC4-53AB6F84CCEC}.Debug|Any CPU.Build.0 = Debug|Any CPU
		{30DD86AF-BFA8-1734-6DC4-53AB6F84CCEC}.Release|Any CPU.ActiveCfg = Release|Any CPU
		{30DD86AF-BFA8-1734-6DC4-53AB6F84CCEC}.Release|Any CPU.Build.0 = Release|Any CPU
		{113D7CBD-C1F5-C24F-4B4D-A25C9B99D1AB}.Debug|Any CPU.ActiveCfg = Debug|Any CPU
		{113D7CBD-C1F5-C24F-4B4D-A25C9B99D1AB}.Debug|Any CPU.Build.0 = Debug|Any CPU
		{113D7CBD-C1F5-C24F-4B4D-A25C9B99D1AB}.Release|Any CPU.ActiveCfg = Release|Any CPU
		{113D7CBD-C1F5-C24F-4B4D-A25C9B99D1AB}.Release|Any CPU.Build.0 = Release|Any CPU
		{10A32373-3850-CB36-056E-571AF838B6B9}.Debug|Any CPU.ActiveCfg = Debug|Any CPU
		{10A32373-3850-CB36-056E-571AF838B6B9}.Debug|Any CPU.Build.0 = Debug|Any CPU
		{10A32373-3850-CB36-056E-571AF838B6B9}.Release|Any CPU.ActiveCfg = Release|Any CPU
		{10A32373-3850-CB36-056E-571AF838B6B9}.Release|Any CPU.Build.0 = Release|Any CPU
		{7B8A370A-61C9-E0E0-35FF-4A367F4A5A51}.Debug|Any CPU.ActiveCfg = Debug|Any CPU
		{7B8A370A-61C9-E0E0-35FF-4A367F4A5A51}.Debug|Any CPU.Build.0 = Debug|Any CPU
		{7B8A370A-61C9-E0E0-35FF-4A367F4A5A51}.Release|Any CPU.ActiveCfg = Release|Any CPU
		{7B8A370A-61C9-E0E0-35FF-4A367F4A5A51}.Release|Any CPU.Build.0 = Release|Any CPU
		{6BC58F6B-936C-CD34-4455-4688D7B49FE4}.Debug|Any CPU.ActiveCfg = Debug|Any CPU
		{6BC58F6B-936C-CD34-4455-4688D7B49FE4}.Debug|Any CPU.Build.0 = Debug|Any CPU
		{6BC58F6B-936C-CD34-4455-4688D7B49FE4}.Release|Any CPU.ActiveCfg = Release|Any CPU
		{6BC58F6B-936C-CD34-4455-4688D7B49FE4}.Release|Any CPU.Build.0 = Release|Any CPU
		{A7EF6DFF-CC5D-AB54-F67E-8561F7A1451E}.Debug|Any CPU.ActiveCfg = Debug|Any CPU
		{A7EF6DFF-CC5D-AB54-F67E-8561F7A1451E}.Debug|Any CPU.Build.0 = Debug|Any CPU
		{A7EF6DFF-CC5D-AB54-F67E-8561F7A1451E}.Release|Any CPU.ActiveCfg = Release|Any CPU
		{A7EF6DFF-CC5D-AB54-F67E-8561F7A1451E}.Release|Any CPU.Build.0 = Release|Any CPU
		{8F5C7964-7E87-4258-F8B0-7881C0313B61}.Debug|Any CPU.ActiveCfg = Debug|Any CPU
		{8F5C7964-7E87-4258-F8B0-7881C0313B61}.Debug|Any CPU.Build.0 = Debug|Any CPU
		{8F5C7964-7E87-4258-F8B0-7881C0313B61}.Release|Any CPU.ActiveCfg = Release|Any CPU
		{8F5C7964-7E87-4258-F8B0-7881C0313B61}.Release|Any CPU.Build.0 = Release|Any CPU
		{272E6F13-DA2B-4A07-49E7-DE39846808CE}.Debug|Any CPU.ActiveCfg = Debug|Any CPU
		{272E6F13-DA2B-4A07-49E7-DE39846808CE}.Debug|Any CPU.Build.0 = Debug|Any CPU
		{272E6F13-DA2B-4A07-49E7-DE39846808CE}.Release|Any CPU.ActiveCfg = Release|Any CPU
		{272E6F13-DA2B-4A07-49E7-DE39846808CE}.Release|Any CPU.Build.0 = Release|Any CPU
		{C0F1D022-4FB4-8913-771E-26E7EAC37715}.Debug|Any CPU.ActiveCfg = Debug|Any CPU
		{C0F1D022-4FB4-8913-771E-26E7EAC37715}.Debug|Any CPU.Build.0 = Debug|Any CPU
		{C0F1D022-4FB4-8913-771E-26E7EAC37715}.Release|Any CPU.ActiveCfg = Release|Any CPU
		{C0F1D022-4FB4-8913-771E-26E7EAC37715}.Release|Any CPU.Build.0 = Release|Any CPU
		{DB70F9B9-3BDF-03F8-404E-7F84E52731AE}.Debug|Any CPU.ActiveCfg = Debug|Any CPU
		{DB70F9B9-3BDF-03F8-404E-7F84E52731AE}.Debug|Any CPU.Build.0 = Debug|Any CPU
		{DB70F9B9-3BDF-03F8-404E-7F84E52731AE}.Release|Any CPU.ActiveCfg = Release|Any CPU
		{DB70F9B9-3BDF-03F8-404E-7F84E52731AE}.Release|Any CPU.Build.0 = Release|Any CPU
		{91D0D860-4D6C-9A4F-558A-B5FC0CBFEBD2}.Debug|Any CPU.ActiveCfg = Debug|Any CPU
		{91D0D860-4D6C-9A4F-558A-B5FC0CBFEBD2}.Debug|Any CPU.Build.0 = Debug|Any CPU
		{91D0D860-4D6C-9A4F-558A-B5FC0CBFEBD2}.Release|Any CPU.ActiveCfg = Release|Any CPU
		{91D0D860-4D6C-9A4F-558A-B5FC0CBFEBD2}.Release|Any CPU.Build.0 = Release|Any CPU
		{D6679458-7A03-865F-17E8-0E747A045C21}.Debug|Any CPU.ActiveCfg = Debug|Any CPU
		{D6679458-7A03-865F-17E8-0E747A045C21}.Debug|Any CPU.Build.0 = Debug|Any CPU
		{D6679458-7A03-865F-17E8-0E747A045C21}.Release|Any CPU.ActiveCfg = Release|Any CPU
		{D6679458-7A03-865F-17E8-0E747A045C21}.Release|Any CPU.Build.0 = Release|Any CPU
		{AE8F4FF6-8A06-F3A2-DAFE-5C493FBD6905}.Debug|Any CPU.ActiveCfg = Debug|Any CPU
		{AE8F4FF6-8A06-F3A2-DAFE-5C493FBD6905}.Debug|Any CPU.Build.0 = Debug|Any CPU
		{AE8F4FF6-8A06-F3A2-DAFE-5C493FBD6905}.Release|Any CPU.ActiveCfg = Release|Any CPU
		{AE8F4FF6-8A06-F3A2-DAFE-5C493FBD6905}.Release|Any CPU.Build.0 = Release|Any CPU
		{C02CF2D2-AF0D-2D84-B33E-CA98FCE3BCB1}.Debug|Any CPU.ActiveCfg = Debug|Any CPU
		{C02CF2D2-AF0D-2D84-B33E-CA98FCE3BCB1}.Debug|Any CPU.Build.0 = Debug|Any CPU
		{C02CF2D2-AF0D-2D84-B33E-CA98FCE3BCB1}.Release|Any CPU.ActiveCfg = Release|Any CPU
		{C02CF2D2-AF0D-2D84-B33E-CA98FCE3BCB1}.Release|Any CPU.Build.0 = Release|Any CPU
		{3CAEFF70-35D3-1E03-488C-07F752EA130A}.Debug|Any CPU.ActiveCfg = Debug|Any CPU
		{3CAEFF70-35D3-1E03-488C-07F752EA130A}.Debug|Any CPU.Build.0 = Debug|Any CPU
		{3CAEFF70-35D3-1E03-488C-07F752EA130A}.Release|Any CPU.ActiveCfg = Release|Any CPU
		{3CAEFF70-35D3-1E03-488C-07F752EA130A}.Release|Any CPU.Build.0 = Release|Any CPU
		{34AB364F-AD0C-A0E5-39D6-A7ABEE4AFABC}.Debug|Any CPU.ActiveCfg = Debug|Any CPU
		{34AB364F-AD0C-A0E5-39D6-A7ABEE4AFABC}.Debug|Any CPU.Build.0 = Debug|Any CPU
		{34AB364F-AD0C-A0E5-39D6-A7ABEE4AFABC}.Release|Any CPU.ActiveCfg = Release|Any CPU
		{34AB364F-AD0C-A0E5-39D6-A7ABEE4AFABC}.Release|Any CPU.Build.0 = Release|Any CPU
		{55D70067-A786-D1FF-7E3D-E01F150FCD0F}.Debug|Any CPU.ActiveCfg = Debug|Any CPU
		{55D70067-A786-D1FF-7E3D-E01F150FCD0F}.Debug|Any CPU.Build.0 = Debug|Any CPU
		{55D70067-A786-D1FF-7E3D-E01F150FCD0F}.Release|Any CPU.ActiveCfg = Release|Any CPU
		{55D70067-A786-D1FF-7E3D-E01F150FCD0F}.Release|Any CPU.Build.0 = Release|Any CPU
		{A64101B8-56AA-51DD-0783-8DD608A815DD}.Debug|Any CPU.ActiveCfg = Debug|Any CPU
		{A64101B8-56AA-51DD-0783-8DD608A815DD}.Debug|Any CPU.Build.0 = Debug|Any CPU
		{A64101B8-56AA-51DD-0783-8DD608A815DD}.Release|Any CPU.ActiveCfg = Release|Any CPU
		{A64101B8-56AA-51DD-0783-8DD608A815DD}.Release|Any CPU.Build.0 = Release|Any CPU
		{BA251E21-F933-84B7-74DA-F15EB4E9D84A}.Debug|Any CPU.ActiveCfg = Debug|Any CPU
		{BA251E21-F933-84B7-74DA-F15EB4E9D84A}.Debug|Any CPU.Build.0 = Debug|Any CPU
		{BA251E21-F933-84B7-74DA-F15EB4E9D84A}.Release|Any CPU.ActiveCfg = Release|Any CPU
		{BA251E21-F933-84B7-74DA-F15EB4E9D84A}.Release|Any CPU.Build.0 = Release|Any CPU
		{28E50CFA-AB26-6622-9E79-92B1677D9956}.Debug|Any CPU.ActiveCfg = Debug|Any CPU
		{28E50CFA-AB26-6622-9E79-92B1677D9956}.Debug|Any CPU.Build.0 = Debug|Any CPU
		{28E50CFA-AB26-6622-9E79-92B1677D9956}.Release|Any CPU.ActiveCfg = Release|Any CPU
		{28E50CFA-AB26-6622-9E79-92B1677D9956}.Release|Any CPU.Build.0 = Release|Any CPU
		{CCB5AD61-F0D1-1649-AA6E-53FBE7BC613D}.Debug|Any CPU.ActiveCfg = Debug|Any CPU
		{CCB5AD61-F0D1-1649-AA6E-53FBE7BC613D}.Debug|Any CPU.Build.0 = Debug|Any CPU
		{CCB5AD61-F0D1-1649-AA6E-53FBE7BC613D}.Release|Any CPU.ActiveCfg = Release|Any CPU
		{CCB5AD61-F0D1-1649-AA6E-53FBE7BC613D}.Release|Any CPU.Build.0 = Release|Any CPU
		{8BA8A6B0-37CC-300C-619C-E5AB19D46AA3}.Debug|Any CPU.ActiveCfg = Debug|Any CPU
		{8BA8A6B0-37CC-300C-619C-E5AB19D46AA3}.Debug|Any CPU.Build.0 = Debug|Any CPU
		{8BA8A6B0-37CC-300C-619C-E5AB19D46AA3}.Release|Any CPU.ActiveCfg = Release|Any CPU
		{8BA8A6B0-37CC-300C-619C-E5AB19D46AA3}.Release|Any CPU.Build.0 = Release|Any CPU
		{1D393720-0240-3DC5-A0CE-032EFD5381A0}.Debug|Any CPU.ActiveCfg = Debug|Any CPU
		{1D393720-0240-3DC5-A0CE-032EFD5381A0}.Debug|Any CPU.Build.0 = Debug|Any CPU
		{1D393720-0240-3DC5-A0CE-032EFD5381A0}.Release|Any CPU.ActiveCfg = Release|Any CPU
		{1D393720-0240-3DC5-A0CE-032EFD5381A0}.Release|Any CPU.Build.0 = Release|Any CPU
		{3F0D958F-A9DE-7D11-CAEC-AD17847C98D8}.Debug|Any CPU.ActiveCfg = Debug|Any CPU
		{3F0D958F-A9DE-7D11-CAEC-AD17847C98D8}.Debug|Any CPU.Build.0 = Debug|Any CPU
		{3F0D958F-A9DE-7D11-CAEC-AD17847C98D8}.Release|Any CPU.ActiveCfg = Release|Any CPU
		{3F0D958F-A9DE-7D11-CAEC-AD17847C98D8}.Release|Any CPU.Build.0 = Release|Any CPU
		{0F726617-B332-3FA2-0861-9B1BB44B200F}.Debug|Any CPU.ActiveCfg = Debug|Any CPU
		{0F726617-B332-3FA2-0861-9B1BB44B200F}.Debug|Any CPU.Build.0 = Debug|Any CPU
		{0F726617-B332-3FA2-0861-9B1BB44B200F}.Release|Any CPU.ActiveCfg = Release|Any CPU
		{0F726617-B332-3FA2-0861-9B1BB44B200F}.Release|Any CPU.Build.0 = Release|Any CPU
		{3EFB8772-1051-4E1C-65B4-5EC6699433AC}.Debug|Any CPU.ActiveCfg = Debug|Any CPU
		{3EFB8772-1051-4E1C-65B4-5EC6699433AC}.Debug|Any CPU.Build.0 = Debug|Any CPU
		{3EFB8772-1051-4E1C-65B4-5EC6699433AC}.Release|Any CPU.ActiveCfg = Release|Any CPU
		{3EFB8772-1051-4E1C-65B4-5EC6699433AC}.Release|Any CPU.Build.0 = Release|Any CPU
		{CF173525-9D21-F36D-036C-55EC5777C565}.Debug|Any CPU.ActiveCfg = Debug|Any CPU
		{CF173525-9D21-F36D-036C-55EC5777C565}.Debug|Any CPU.Build.0 = Debug|Any CPU
		{CF173525-9D21-F36D-036C-55EC5777C565}.Release|Any CPU.ActiveCfg = Release|Any CPU
		{CF173525-9D21-F36D-036C-55EC5777C565}.Release|Any CPU.Build.0 = Release|Any CPU
		{539A8C08-C91E-4AE1-94F7-80761219F272}.Debug|Any CPU.ActiveCfg = Debug|Any CPU
		{539A8C08-C91E-4AE1-94F7-80761219F272}.Debug|Any CPU.Build.0 = Debug|Any CPU
		{539A8C08-C91E-4AE1-94F7-80761219F272}.Release|Any CPU.ActiveCfg = Release|Any CPU
		{539A8C08-C91E-4AE1-94F7-80761219F272}.Release|Any CPU.Build.0 = Release|Any CPU
	EndGlobalSection
	GlobalSection(SolutionProperties) = preSolution
		HideSolutionNode = FALSE
	EndGlobalSection
	GlobalSection(ExtensibilityGlobals) = postSolution
		SolutionGuid = {F87D745A-A4D4-4448-AA4F-1FF3F04FE7A1}
	EndGlobalSection
EndGlobal
